
Microsoft Visual Studio Solution File, Format Version 12.00
# Visual Studio Version 17
VisualStudioVersion = 17.6.33712.159
MinimumVisualStudioVersion = 10.0.40219.1
Project("{FAE04EC0-301F-11D3-BF4B-00C04F79EFBC}") = "Desafio - Alura", "Desafio - Alura\Desafio - Alura.csproj", "{509943DC-E5F7-4B31-AC1D-4687019F3B1D}"
EndProject
Project("{FAE04EC0-301F-11D3-BF4B-00C04F79EFBC}") = "Csharp_Json", "Csharp_Json\Csharp_Json.csproj", "{12731E70-601A-44E9-AA27-F2C231471DA4}"
EndProject
Global
	GlobalSection(SolutionConfigurationPlatforms) = preSolution
		Debug|Any CPU = Debug|Any CPU
		Release|Any CPU = Release|Any CPU
	EndGlobalSection
	GlobalSection(ProjectConfigurationPlatforms) = postSolution
		{509943DC-E5F7-4B31-AC1D-4687019F3B1D}.Debug|Any CPU.ActiveCfg = Debug|Any CPU
		{509943DC-E5F7-4B31-AC1D-4687019F3B1D}.Debug|Any CPU.Build.0 = Debug|Any CPU
		{509943DC-E5F7-4B31-AC1D-4687019F3B1D}.Release|Any CPU.ActiveCfg = Release|Any CPU
		{509943DC-E5F7-4B31-AC1D-4687019F3B1D}.Release|Any CPU.Build.0 = Release|Any CPU
		{12731E70-601A-44E9-AA27-F2C231471DA4}.Debug|Any CPU.ActiveCfg = Debug|Any CPU
		{12731E70-601A-44E9-AA27-F2C231471DA4}.Debug|Any CPU.Build.0 = Debug|Any CPU
		{12731E70-601A-44E9-AA27-F2C231471DA4}.Release|Any CPU.ActiveCfg = Release|Any CPU
		{12731E70-601A-44E9-AA27-F2C231471DA4}.Release|Any CPU.Build.0 = Release|Any CPU
	EndGlobalSection
	GlobalSection(SolutionProperties) = preSolution
		HideSolutionNode = FALSE
	EndGlobalSection
	GlobalSection(ExtensibilityGlobals) = postSolution
		SolutionGuid = {73B87AD1-7C27-42E2-B47D-E8E2C8811D03}
	EndGlobalSection
EndGlobal
